PODS:
  - FBSnapshotTestCase (2.1.4):
    - FBSnapshotTestCase/SwiftSupport (= 2.1.4)
  - FBSnapshotTestCase/Core (2.1.4)
  - FBSnapshotTestCase/SwiftSupport (2.1.4):
    - FBSnapshotTestCase/Core
  - Kiwi (3.0.0)
  - SJVTMagic (0.1.0)

DEPENDENCIES:
  - FBSnapshotTestCase
  - Kiwi
  - SJVTMagic (from `../`)

SPEC REPOS:
  trunk:
    - FBSnapshotTestCase
    - Kiwi

EXTERNAL SOURCES:
  SJVTMagic:
    :path: "../"

SPEC CHECKSUMS:
  FBSnapshotTestCase: 094f9f314decbabe373b87cc339bea235a63e07a
  Kiwi: fbeafef0f00e4d8f7dcb3420a4930afe70af77f7
  SJVTMagic: 7005c9691998bd95a5cec3b07f3b8593ddf7863e

PODFILE CHECKSUM: 42b439046296a69a11f13bbf324dcb57c9a69e1c

COCOAPODS: 1.9.3
